
Microsoft Visual Studio Solution File, Format Version 12.00
# Visual Studio Version 17
VisualStudioVersion = 17.1.31911.260
MinimumVisualStudioVersion = 10.0.40219.1
Project("{9A19103F-16F7-4668-BE54-9A1E7A4F7556}") = "WorkerAcoes.IntegrationTests", "WorkerAcoes.IntegrationTests.csproj", "{F93BB63C-03AE-4DF1-AB9E-C716E28D907B}"
EndProject
Global
	GlobalSection(SolutionConfigurationPlatforms) = preSolution
		Debug|Any CPU = Debug|Any CPU
		Release|Any CPU = Release|Any CPU
	EndGlobalSection
	GlobalSection(ProjectConfigurationPlatforms) = postSolution
		{F93BB63C-03AE-4DF1-AB9E-C716E28D907B}.Debug|Any CPU.ActiveCfg = Debug|Any CPU
		{F93BB63C-03AE-4DF1-AB9E-C716E28D907B}.Debug|Any CPU.Build.0 = Debug|Any CPU
		{F93BB63C-03AE-4DF1-AB9E-C716E28D907B}.Release|Any CPU.ActiveCfg = Release|Any CPU
		{F93BB63C-03AE-4DF1-AB9E-C716E28D907B}.Release|Any CPU.Build.0 = Release|Any CPU
	EndGlobalSection
	GlobalSection(SolutionProperties) = preSolution
		HideSolutionNode = FALSE
	EndGlobalSection
	GlobalSection(ExtensibilityGlobals) = postSolution
		SolutionGuid = {440AC2C9-ED75-413A-8672-FDD23B7A006F}
	EndGlobalSection
EndGlobal
